
Microsoft Visual Studio Solution File, Format Version 11.00
# Visual Basic Express 2010
Project("{F184B08F-C81C-45F6-A57F-5ABD9991F28F}") = "FilesProtect_Dll", "FilesProtect_Dll\FilesProtect_Dll.vbproj", "{FB1B31D8-47D8-42FD-AB41-12E82CE62174}"
EndProject
Global
	GlobalSection(SolutionConfigurationPlatforms) = preSolution
		Debug|Any CPU = Debug|Any CPU
		Release|Any CPU = Release|Any CPU
	EndGlobalSection
	GlobalSection(ProjectConfigurationPlatforms) = postSolution
		{FB1B31D8-47D8-42FD-AB41-12E82CE62174}.Debug|Any CPU.ActiveCfg = Debug|Any CPU
		{FB1B31D8-47D8-42FD-AB41-12E82CE62174}.Debug|Any CPU.Build.0 = Debug|Any CPU
		{FB1B31D8-47D8-42FD-AB41-12E82CE62174}.Release|Any CPU.ActiveCfg = Release|Any CPU
		{FB1B31D8-47D8-42FD-AB41-12E82CE62174}.Release|Any CPU.Build.0 = Release|Any CPU
	EndGlobalSection
	GlobalSection(SolutionProperties) = preSolution
		HideSolutionNode = FALSE
	EndGlobalSection
EndGlobal
